
Microsoft Visual Studio Solution File, Format Version 12.00
# Visual Studio Version 17
VisualStudioVersion = 17.7.34031.279
MinimumVisualStudioVersion = 10.0.40219.1
Project("{9A19103F-16F7-4668-BE54-9A1E7A4F7556}") = "Vdc.Pos.Api", "Vdc.Pos.Api\Vdc.Pos.Api.csproj", "{08BD764F-267C-494A-B022-814695D6FAE6}"
EndProject
Project("{9A19103F-16F7-4668-BE54-9A1E7A4F7556}") = "Vdc.Pos.Business", "Vdc.Pos.Business\Vdc.Pos.Business.csproj", "{190D2314-156B-42AD-B0A6-FC16AF8DA7BC}"
EndProject
Project("{9A19103F-16F7-4668-BE54-9A1E7A4F7556}") = "Vdc.Pos.Domain", "Vdc.Pos.Domain\Vdc.Pos.Domain.csproj", "{1E2AC636-E4A9-4299-92AB-E6B13F445F93}"
EndProject
Project("{9A19103F-16F7-4668-BE54-9A1E7A4F7556}") = "Vdc.Pos.Persistence", "Vdc.Pos.Persistence\Vdc.Pos.Persistence.csproj", "{5FF953FF-0A66-443A-BB95-C4E50998AD72}"
EndProject
Project("{FAE04EC0-301F-11D3-BF4B-00C04F79EFBC}") = "Vdc.Pos.Infrastructure", "Vdc.Pos.Infrastructure\Vdc.Pos.Infrastructure.csproj", "{7072E18D-3F83-4270-BA2D-0EE9767058B1}"
EndProject
Global
	GlobalSection(SolutionConfigurationPlatforms) = preSolution
		Debug|Any CPU = Debug|Any CPU
		Release|Any CPU = Release|Any CPU
	EndGlobalSection
	GlobalSection(ProjectConfigurationPlatforms) = postSolution
		{08BD764F-267C-494A-B022-814695D6FAE6}.Debug|Any CPU.ActiveCfg = Debug|Any CPU
		{08BD764F-267C-494A-B022-814695D6FAE6}.Debug|Any CPU.Build.0 = Debug|Any CPU
		{08BD764F-267C-494A-B022-814695D6FAE6}.Release|Any CPU.ActiveCfg = Release|Any CPU
		{08BD764F-267C-494A-B022-814695D6FAE6}.Release|Any CPU.Build.0 = Release|Any CPU
		{190D2314-156B-42AD-B0A6-FC16AF8DA7BC}.Debug|Any CPU.ActiveCfg = Debug|Any CPU
		{190D2314-156B-42AD-B0A6-FC16AF8DA7BC}.Debug|Any CPU.Build.0 = Debug|Any CPU
		{190D2314-156B-42AD-B0A6-FC16AF8DA7BC}.Release|Any CPU.ActiveCfg = Release|Any CPU
		{190D2314-156B-42AD-B0A6-FC16AF8DA7BC}.Release|Any CPU.Build.0 = Release|Any CPU
		{1E2AC636-E4A9-4299-92AB-E6B13F445F93}.Debug|Any CPU.ActiveCfg = Debug|Any CPU
		{1E2AC636-E4A9-4299-92AB-E6B13F445F93}.Debug|Any CPU.Build.0 = Debug|Any CPU
		{1E2AC636-E4A9-4299-92AB-E6B13F445F93}.Release|Any CPU.ActiveCfg = Release|Any CPU
		{1E2AC636-E4A9-4299-92AB-E6B13F445F93}.Release|Any CPU.Build.0 = Release|Any CPU
		{5FF953FF-0A66-443A-BB95-C4E50998AD72}.Debug|Any CPU.ActiveCfg = Debug|Any CPU
		{5FF953FF-0A66-443A-BB95-C4E50998AD72}.Debug|Any CPU.Build.0 = Debug|Any CPU
		{5FF953FF-0A66-443A-BB95-C4E50998AD72}.Release|Any CPU.ActiveCfg = Release|Any CPU
		{5FF953FF-0A66-443A-BB95-C4E50998AD72}.Release|Any CPU.Build.0 = Release|Any CPU
		{7072E18D-3F83-4270-BA2D-0EE9767058B1}.Debug|Any CPU.ActiveCfg = Debug|Any CPU
		{7072E18D-3F83-4270-BA2D-0EE9767058B1}.Debug|Any CPU.Build.0 = Debug|Any CPU
		{7072E18D-3F83-4270-BA2D-0EE9767058B1}.Release|Any CPU.ActiveCfg = Release|Any CPU
		{7072E18D-3F83-4270-BA2D-0EE9767058B1}.Release|Any CPU.Build.0 = Release|Any CPU
	EndGlobalSection
	GlobalSection(SolutionProperties) = preSolution
		HideSolutionNode = FALSE
	EndGlobalSection
	GlobalSection(ExtensibilityGlobals) = postSolution
		SolutionGuid = {1FBEB3B8-5506-4014-85D7-9F37916EF4AE}
	EndGlobalSection
EndGlobal
